
Microsoft Visual Studio Solution File, Format Version 12.00
# Visual Studio Version 16
VisualStudioVersion = 16.0.31129.286
MinimumVisualStudioVersion = 10.0.40219.1
Project("{FAE04EC0-301F-11D3-BF4B-00C04F79EFBC}") = "15 мая", "15 мая\15 мая.csproj", "{31D75CA6-1A0E-474C-9A13-2AEBB5695324}"
EndProject
Project("{FAE04EC0-301F-11D3-BF4B-00C04F79EFBC}") = "задание 2", "задание 2\задание 2.csproj", "{50CA38DB-32CB-4523-827B-BC43836E101A}"
EndProject
Global
	GlobalSection(SolutionConfigurationPlatforms) = preSolution
		Debug|Any CPU = Debug|Any CPU
		Release|Any CPU = Release|Any CPU
	EndGlobalSection
	GlobalSection(ProjectConfigurationPlatforms) = postSolution
		{31D75CA6-1A0E-474C-9A13-2AEBB5695324}.Debug|Any CPU.ActiveCfg = Debug|Any CPU
		{31D75CA6-1A0E-474C-9A13-2AEBB5695324}.Debug|Any CPU.Build.0 = Debug|Any CPU
		{31D75CA6-1A0E-474C-9A13-2AEBB5695324}.Release|Any CPU.ActiveCfg = Release|Any CPU
		{31D75CA6-1A0E-474C-9A13-2AEBB5695324}.Release|Any CPU.Build.0 = Release|Any CPU
		{50CA38DB-32CB-4523-827B-BC43836E101A}.Debug|Any CPU.ActiveCfg = Debug|Any CPU
		{50CA38DB-32CB-4523-827B-BC43836E101A}.Debug|Any CPU.Build.0 = Debug|Any CPU
		{50CA38DB-32CB-4523-827B-BC43836E101A}.Release|Any CPU.ActiveCfg = Release|Any CPU
		{50CA38DB-32CB-4523-827B-BC43836E101A}.Release|Any CPU.Build.0 = Release|Any CPU
	EndGlobalSection
	GlobalSection(SolutionProperties) = preSolution
		HideSolutionNode = FALSE
	EndGlobalSection
	GlobalSection(ExtensibilityGlobals) = postSolution
		SolutionGuid = {08B4DD2A-9029-4770-B7E8-9F3648ACBF57}
	EndGlobalSection
EndGlobal
