
Microsoft Visual Studio Solution File, Format Version 12.00
# Visual Studio Version 16
VisualStudioVersion = 16.0.31129.286
MinimumVisualStudioVersion = 10.0.40219.1
Project("{FAE04EC0-301F-11D3-BF4B-00C04F79EFBC}") = "система координат", "система координат\система координат.csproj", "{4922219B-1077-437B-AB32-8A2D8E8CB077}"
EndProject
Global
	GlobalSection(SolutionConfigurationPlatforms) = preSolution
		Debug|Any CPU = Debug|Any CPU
		Release|Any CPU = Release|Any CPU
	EndGlobalSection
	GlobalSection(ProjectConfigurationPlatforms) = postSolution
		{4922219B-1077-437B-AB32-8A2D8E8CB077}.Debug|Any CPU.ActiveCfg = Debug|Any CPU
		{4922219B-1077-437B-AB32-8A2D8E8CB077}.Debug|Any CPU.Build.0 = Debug|Any CPU
		{4922219B-1077-437B-AB32-8A2D8E8CB077}.Release|Any CPU.ActiveCfg = Release|Any CPU
		{4922219B-1077-437B-AB32-8A2D8E8CB077}.Release|Any CPU.Build.0 = Release|Any CPU
	EndGlobalSection
	GlobalSection(SolutionProperties) = preSolution
		HideSolutionNode = FALSE
	EndGlobalSection
	GlobalSection(ExtensibilityGlobals) = postSolution
		SolutionGuid = {2B666BC0-509F-41B6-A455-65C15A7DE713}
	EndGlobalSection
EndGlobal
