
Microsoft Visual Studio Solution File, Format Version 12.00
# Visual Studio Version 16
VisualStudioVersion = 16.0.31129.286
MinimumVisualStudioVersion = 10.0.40219.1
Project("{FAE04EC0-301F-11D3-BF4B-00C04F79EFBC}") = "17 мая", "17 мая\17 мая.csproj", "{D469A9F4-E5A2-44D6-B317-66AD5844A5C7}"
EndProject
Project("{FAE04EC0-301F-11D3-BF4B-00C04F79EFBC}") = "4.90", "4.90\4.90.csproj", "{1A441576-29AF-4D51-8F1A-7C965AFDF71A}"
EndProject
Project("{FAE04EC0-301F-11D3-BF4B-00C04F79EFBC}") = "4.88", "4.88\4.88.csproj", "{F70A4FC0-3F3E-4301-B3A3-0E2785F4E8AF}"
EndProject
Project("{FAE04EC0-301F-11D3-BF4B-00C04F79EFBC}") = "4.87", "4.87\4.87.csproj", "{66C3091F-FC64-4163-B2E4-1934B91D5AA9}"
EndProject
Project("{FAE04EC0-301F-11D3-BF4B-00C04F79EFBC}") = "не из учебника", "не из учебника\не из учебника.csproj", "{5F8D8B34-6C20-4B4C-947F-72721C378CC5}"
EndProject
Global
	GlobalSection(SolutionConfigurationPlatforms) = preSolution
		Debug|Any CPU = Debug|Any CPU
		Release|Any CPU = Release|Any CPU
	EndGlobalSection
	GlobalSection(ProjectConfigurationPlatforms) = postSolution
		{D469A9F4-E5A2-44D6-B317-66AD5844A5C7}.Debug|Any CPU.ActiveCfg = Debug|Any CPU
		{D469A9F4-E5A2-44D6-B317-66AD5844A5C7}.Debug|Any CPU.Build.0 = Debug|Any CPU
		{D469A9F4-E5A2-44D6-B317-66AD5844A5C7}.Release|Any CPU.ActiveCfg = Release|Any CPU
		{D469A9F4-E5A2-44D6-B317-66AD5844A5C7}.Release|Any CPU.Build.0 = Release|Any CPU
		{1A441576-29AF-4D51-8F1A-7C965AFDF71A}.Debug|Any CPU.ActiveCfg = Debug|Any CPU
		{1A441576-29AF-4D51-8F1A-7C965AFDF71A}.Debug|Any CPU.Build.0 = Debug|Any CPU
		{1A441576-29AF-4D51-8F1A-7C965AFDF71A}.Release|Any CPU.ActiveCfg = Release|Any CPU
		{1A441576-29AF-4D51-8F1A-7C965AFDF71A}.Release|Any CPU.Build.0 = Release|Any CPU
		{F70A4FC0-3F3E-4301-B3A3-0E2785F4E8AF}.Debug|Any CPU.ActiveCfg = Debug|Any CPU
		{F70A4FC0-3F3E-4301-B3A3-0E2785F4E8AF}.Debug|Any CPU.Build.0 = Debug|Any CPU
		{F70A4FC0-3F3E-4301-B3A3-0E2785F4E8AF}.Release|Any CPU.ActiveCfg = Release|Any CPU
		{F70A4FC0-3F3E-4301-B3A3-0E2785F4E8AF}.Release|Any CPU.Build.0 = Release|Any CPU
		{66C3091F-FC64-4163-B2E4-1934B91D5AA9}.Debug|Any CPU.ActiveCfg = Debug|Any CPU
		{66C3091F-FC64-4163-B2E4-1934B91D5AA9}.Debug|Any CPU.Build.0 = Debug|Any CPU
		{66C3091F-FC64-4163-B2E4-1934B91D5AA9}.Release|Any CPU.ActiveCfg = Release|Any CPU
		{66C3091F-FC64-4163-B2E4-1934B91D5AA9}.Release|Any CPU.Build.0 = Release|Any CPU
		{5F8D8B34-6C20-4B4C-947F-72721C378CC5}.Debug|Any CPU.ActiveCfg = Debug|Any CPU
		{5F8D8B34-6C20-4B4C-947F-72721C378CC5}.Debug|Any CPU.Build.0 = Debug|Any CPU
		{5F8D8B34-6C20-4B4C-947F-72721C378CC5}.Release|Any CPU.ActiveCfg = Release|Any CPU
		{5F8D8B34-6C20-4B4C-947F-72721C378CC5}.Release|Any CPU.Build.0 = Release|Any CPU
	EndGlobalSection
	GlobalSection(SolutionProperties) = preSolution
		HideSolutionNode = FALSE
	EndGlobalSection
	GlobalSection(ExtensibilityGlobals) = postSolution
		SolutionGuid = {22531DE0-5B3E-43BB-A978-02806566CFE1}
	EndGlobalSection
EndGlobal
