
Microsoft Visual Studio Solution File, Format Version 12.00
# Visual Studio Version 16
VisualStudioVersion = 16.0.31129.286
MinimumVisualStudioVersion = 10.0.40219.1
Project("{FAE04EC0-301F-11D3-BF4B-00C04F79EFBC}") = "самостоятельная работа", "самостоятельная работа\самостоятельная работа.csproj", "{DD7E0F27-F161-4E4F-922E-4EED4C034FDB}"
EndProject
Global
	GlobalSection(SolutionConfigurationPlatforms) = preSolution
		Debug|Any CPU = Debug|Any CPU
		Release|Any CPU = Release|Any CPU
	EndGlobalSection
	GlobalSection(ProjectConfigurationPlatforms) = postSolution
		{DD7E0F27-F161-4E4F-922E-4EED4C034FDB}.Debug|Any CPU.ActiveCfg = Debug|Any CPU
		{DD7E0F27-F161-4E4F-922E-4EED4C034FDB}.Debug|Any CPU.Build.0 = Debug|Any CPU
		{DD7E0F27-F161-4E4F-922E-4EED4C034FDB}.Release|Any CPU.ActiveCfg = Release|Any CPU
		{DD7E0F27-F161-4E4F-922E-4EED4C034FDB}.Release|Any CPU.Build.0 = Release|Any CPU
	EndGlobalSection
	GlobalSection(SolutionProperties) = preSolution
		HideSolutionNode = FALSE
	EndGlobalSection
	GlobalSection(ExtensibilityGlobals) = postSolution
		SolutionGuid = {141B4AE3-CFDC-4C97-8217-C08F31AD4248}
	EndGlobalSection
EndGlobal
