
Microsoft Visual Studio Solution File, Format Version 12.00
# Visual Studio Version 16
VisualStudioVersion = 16.0.31129.286
MinimumVisualStudioVersion = 10.0.40219.1
Project("{FAE04EC0-301F-11D3-BF4B-00C04F79EFBC}") = "условные конструкции ч.2", "условные конструкции ч.2\условные конструкции ч.2.csproj", "{6687B2AA-1C61-49EE-9CFF-27FC164BB308}"
EndProject
Project("{FAE04EC0-301F-11D3-BF4B-00C04F79EFBC}") = "2", "2\2.csproj", "{FE230C6D-0670-4F8D-A26B-CAFFF11F0413}"
EndProject
Project("{FAE04EC0-301F-11D3-BF4B-00C04F79EFBC}") = "3", "3\3.csproj", "{74CF9FA3-506B-4D9F-9DDF-A7AA7868F4A3}"
EndProject
Global
	GlobalSection(SolutionConfigurationPlatforms) = preSolution
		Debug|Any CPU = Debug|Any CPU
		Release|Any CPU = Release|Any CPU
	EndGlobalSection
	GlobalSection(ProjectConfigurationPlatforms) = postSolution
		{6687B2AA-1C61-49EE-9CFF-27FC164BB308}.Debug|Any CPU.ActiveCfg = Debug|Any CPU
		{6687B2AA-1C61-49EE-9CFF-27FC164BB308}.Debug|Any CPU.Build.0 = Debug|Any CPU
		{6687B2AA-1C61-49EE-9CFF-27FC164BB308}.Release|Any CPU.ActiveCfg = Release|Any CPU
		{6687B2AA-1C61-49EE-9CFF-27FC164BB308}.Release|Any CPU.Build.0 = Release|Any CPU
		{FE230C6D-0670-4F8D-A26B-CAFFF11F0413}.Debug|Any CPU.ActiveCfg = Debug|Any CPU
		{FE230C6D-0670-4F8D-A26B-CAFFF11F0413}.Debug|Any CPU.Build.0 = Debug|Any CPU
		{FE230C6D-0670-4F8D-A26B-CAFFF11F0413}.Release|Any CPU.ActiveCfg = Release|Any CPU
		{FE230C6D-0670-4F8D-A26B-CAFFF11F0413}.Release|Any CPU.Build.0 = Release|Any CPU
		{74CF9FA3-506B-4D9F-9DDF-A7AA7868F4A3}.Debug|Any CPU.ActiveCfg = Debug|Any CPU
		{74CF9FA3-506B-4D9F-9DDF-A7AA7868F4A3}.Debug|Any CPU.Build.0 = Debug|Any CPU
		{74CF9FA3-506B-4D9F-9DDF-A7AA7868F4A3}.Release|Any CPU.ActiveCfg = Release|Any CPU
		{74CF9FA3-506B-4D9F-9DDF-A7AA7868F4A3}.Release|Any CPU.Build.0 = Release|Any CPU
	EndGlobalSection
	GlobalSection(SolutionProperties) = preSolution
		HideSolutionNode = FALSE
	EndGlobalSection
	GlobalSection(ExtensibilityGlobals) = postSolution
		SolutionGuid = {141B45D2-7AC9-4211-BB03-16CEE9F50B5A}
	EndGlobalSection
EndGlobal
